
Microsoft Visual Studio Solution File, Format Version 12.00
# Visual Studio Version 17
VisualStudioVersion = 17.2.32516.85
MinimumVisualStudioVersion = 10.0.40219.1
Project("{FAE04EC0-301F-11D3-BF4B-00C04F79EFBC}") = "PerfumeApp", "PerfumeApp\PerfumeApp.csproj", "{7605CEC5-7762-4187-9DEC-F4D0B81C2D01}"
EndProject
Global
	GlobalSection(SolutionConfigurationPlatforms) = preSolution
		Debug|Any CPU = Debug|Any CPU
		Release|Any CPU = Release|Any CPU
	EndGlobalSection
	GlobalSection(ProjectConfigurationPlatforms) = postSolution
		{7605CEC5-7762-4187-9DEC-F4D0B81C2D01}.Debug|Any CPU.ActiveCfg = Debug|Any CPU
		{7605CEC5-7762-4187-9DEC-F4D0B81C2D01}.Debug|Any CPU.Build.0 = Debug|Any CPU
		{7605CEC5-7762-4187-9DEC-F4D0B81C2D01}.Release|Any CPU.ActiveCfg = Release|Any CPU
		{7605CEC5-7762-4187-9DEC-F4D0B81C2D01}.Release|Any CPU.Build.0 = Release|Any CPU
	EndGlobalSection
	GlobalSection(SolutionProperties) = preSolution
		HideSolutionNode = FALSE
	EndGlobalSection
	GlobalSection(ExtensibilityGlobals) = postSolution
		SolutionGuid = {50D6FE14-3298-4837-93F5-0908C102DE75}
	EndGlobalSection
EndGlobal
